
Microsoft Visual Studio Solution File, Format Version 11.00
# Visual Studio 2010
Project("{FAE04EC0-301F-11D3-BF4B-00C04F79EFBC}") = "openCL.NET", "openCL.NET\openCL.NET.csproj", "{FAE2D3B6-9081-4E90-ADA8-682DFE2300A5}"
EndProject
Project("{FAE04EC0-301F-11D3-BF4B-00C04F79EFBC}") = "Test", "Test\Test.csproj", "{18C6FE2F-11AA-4807-848E-4CCD542CDCC4}"
EndProject
Global
	GlobalSection(SolutionConfigurationPlatforms) = preSolution
		Debug|Any CPU = Debug|Any CPU
		Release|Any CPU = Release|Any CPU
	EndGlobalSection
	GlobalSection(ProjectConfigurationPlatforms) = postSolution
		{FAE2D3B6-9081-4E90-ADA8-682DFE2300A5}.Debug|Any CPU.ActiveCfg = Debug|Any CPU
		{FAE2D3B6-9081-4E90-ADA8-682DFE2300A5}.Debug|Any CPU.Build.0 = Debug|Any CPU
		{FAE2D3B6-9081-4E90-ADA8-682DFE2300A5}.Release|Any CPU.ActiveCfg = Release|Any CPU
		{FAE2D3B6-9081-4E90-ADA8-682DFE2300A5}.Release|Any CPU.Build.0 = Release|Any CPU
		{18C6FE2F-11AA-4807-848E-4CCD542CDCC4}.Debug|Any CPU.ActiveCfg = Debug|Any CPU
		{18C6FE2F-11AA-4807-848E-4CCD542CDCC4}.Debug|Any CPU.Build.0 = Debug|Any CPU
		{18C6FE2F-11AA-4807-848E-4CCD542CDCC4}.Release|Any CPU.ActiveCfg = Release|Any CPU
		{18C6FE2F-11AA-4807-848E-4CCD542CDCC4}.Release|Any CPU.Build.0 = Release|Any CPU
	EndGlobalSection
	GlobalSection(SolutionProperties) = preSolution
		HideSolutionNode = FALSE
	EndGlobalSection
EndGlobal
